
Microsoft Visual Studio Solution File, Format Version 12.00
# Visual Studio Version 16
VisualStudioVersion = 16.0.29728.190
MinimumVisualStudioVersion = 10.0.40219.1
Project("{FAE04EC0-301F-11D3-BF4B-00C04F79EFBC}") = "Blackjack", "Blackjack.csproj", "{9F10ED15-B6BB-4181-A692-3AD5B412C14E}"
EndProject
Global
	GlobalSection(SolutionConfigurationPlatforms) = preSolution
		Debug|Any CPU = Debug|Any CPU
		Release|Any CPU = Release|Any CPU
	EndGlobalSection
	GlobalSection(ProjectConfigurationPlatforms) = postSolution
		{9F10ED15-B6BB-4181-A692-3AD5B412C14E}.Debug|Any CPU.ActiveCfg = Debug|Any CPU
		{9F10ED15-B6BB-4181-A692-3AD5B412C14E}.Debug|Any CPU.Build.0 = Debug|Any CPU
		{9F10ED15-B6BB-4181-A692-3AD5B412C14E}.Release|Any CPU.ActiveCfg = Release|Any CPU
		{9F10ED15-B6BB-4181-A692-3AD5B412C14E}.Release|Any CPU.Build.0 = Release|Any CPU
	EndGlobalSection
	GlobalSection(SolutionProperties) = preSolution
		HideSolutionNode = FALSE
	EndGlobalSection
	GlobalSection(ExtensibilityGlobals) = postSolution
		SolutionGuid = {A6C25F6D-1214-4487-BD92-15EA4F570943}
	EndGlobalSection
EndGlobal
